
Microsoft Visual Studio Solution File, Format Version 12.00
# Visual Studio Version 17
VisualStudioVersion = 17.0.31903.59
MinimumVisualStudioVersion = 10.0.40219.1
Project("{2150E333-8FDC-42A3-9474-1A3956D46DE8}") = "src", "src", "{40DC0A32-A266-4811-B032-2AA2A745B1C6}"
EndProject
Project("{FAE04EC0-301F-11D3-BF4B-00C04F79EFBC}") = "ClaudeWidget", "src\ClaudeWidget\ClaudeWidget.csproj", "{66C1D5D4-B3BB-445B-8B24-420C34BD7A25}"
EndProject
Project("{2150E333-8FDC-42A3-9474-1A3956D46DE8}") = "tests", "tests", "{B6329B71-32D3-4831-BFEE-7FE2A8560F55}"
EndProject
Project("{FAE04EC0-301F-11D3-BF4B-00C04F79EFBC}") = "ClaudeWidget.Tests", "tests\ClaudeWidget.Tests\ClaudeWidget.Tests.csproj", "{9F4DCB20-9949-4110-B55C-86C5D4ABA891}"
EndProject
Global
	GlobalSection(SolutionConfigurationPlatforms) = preSolution
		Debug|Any CPU = Debug|Any CPU
		Release|Any CPU = Release|Any CPU
	EndGlobalSection
	GlobalSection(SolutionProperties) = preSolution
		HideSolutionNode = FALSE
	EndGlobalSection
	GlobalSection(ProjectConfigurationPlatforms) = postSolution
		{66C1D5D4-B3BB-445B-8B24-420C34BD7A25}.Debug|Any CPU.ActiveCfg = Debug|Any CPU
		{66C1D5D4-B3BB-445B-8B24-420C34BD7A25}.Debug|Any CPU.Build.0 = Debug|Any CPU
		{66C1D5D4-B3BB-445B-8B24-420C34BD7A25}.Release|Any CPU.ActiveCfg = Release|Any CPU
		{66C1D5D4-B3BB-445B-8B24-420C34BD7A25}.Release|Any CPU.Build.0 = Release|Any CPU
		{9F4DCB20-9949-4110-B55C-86C5D4ABA891}.Debug|Any CPU.ActiveCfg = Debug|Any CPU
		{9F4DCB20-9949-4110-B55C-86C5D4ABA891}.Debug|Any CPU.Build.0 = Debug|Any CPU
		{9F4DCB20-9949-4110-B55C-86C5D4ABA891}.Release|Any CPU.ActiveCfg = Release|Any CPU
		{9F4DCB20-9949-4110-B55C-86C5D4ABA891}.Release|Any CPU.Build.0 = Release|Any CPU
	EndGlobalSection
	GlobalSection(NestedProjects) = preSolution
		{66C1D5D4-B3BB-445B-8B24-420C34BD7A25} = {40DC0A32-A266-4811-B032-2AA2A745B1C6}
		{9F4DCB20-9949-4110-B55C-86C5D4ABA891} = {B6329B71-32D3-4831-BFEE-7FE2A8560F55}
	EndGlobalSection
EndGlobal
